<?xml version="1.0" encoding="utf-8"?>
<Project ToolsVersion="4.0" xmlns="http://schemas.microsoft.com/developer/msbuild/2003">
  <ItemGroup>
    <ClCompile Include="PlayLevel.cpp">
      <Filter>Level</Filter>
    </ClCompile>
    <ClCompile Include="TitleLevel.cpp">
      <Filter>Level</Filter>
    </ClCompile>
    <ClCompile Include="Map.cpp">
      <Filter>Object\Map</Filter>
    </ClCompile>
    <ClCompile Include="Player.cpp">
      <Filter>Actor\Player</Filter>
    </ClCompile>
    <ClCompile Include="Actor.cpp">
      <Filter>Actor</Filter>
    </ClCompile>
    <ClCompile Include="Level.cpp">
      <Filter>Level</Filter>
    </ClCompile>
    <ClCompile Include="MoveState.cpp">
      <Filter>Actor\Player\State</Filter>
    </ClCompile>
    <ClCompile Include="AttackState.cpp">
      <Filter>Actor\Player\State</Filter>
    </ClCompile>
    <ClCompile Include="Enemy.cpp">
      <Filter>Actor\Enemy</Filter>
    </ClCompile>
    <ClCompile Include="Ghost_Man.cpp">
      <Filter>Actor\Enemy</Filter>
    </ClCompile>
    <ClCompile Include="Ghost_Woman.cpp">
      <Filter>Actor\Enemy</Filter>
    </ClCompile>
    <ClCompile Include="Bullet.cpp">
      <Filter>Object</Filter>
    </ClCompile>
    <ClCompile Include="PlayMap.cpp">
      <Filter>Object\Map</Filter>
    </ClCompile>
    <ClCompile Include="PossessedBook.cpp">
      <Filter>Actor\Enemy</Filter>
    </ClCompile>
    <ClCompile Include="Ghost_Med.cpp">
      <Filter>Actor\Enemy</Filter>
    </ClCompile>
    <ClCompile Include="Elevator.cpp">
      <Filter>StageObject</Filter>
    </ClCompile>
    <ClCompile Include="ContentsCore.cpp">
      <Filter>.Core</Filter>
    </ClCompile>
    <ClCompile Include="PreCompile.cpp">
      <Filter>.Core</Filter>
    </ClCompile>
    <ClCompile Include="StageObject.cpp">
      <Filter>StageObject</Filter>
    </ClCompile>
    <ClCompile Include="ContentObject.cpp">
      <Filter>.Core</Filter>
    </ClCompile>
    <ClCompile Include="ContentsCamera.cpp">
      <Filter>.Core</Filter>
    </ClCompile>
    <ClCompile Include="BGObject.cpp">
      <Filter>Object\BGObject</Filter>
    </ClCompile>
    <ClCompile Include="BookOfTheDead.cpp">
      <Filter>Actor\Player</Filter>
    </ClCompile>
    <ClCompile Include="FX.cpp">
      <Filter>FX</Filter>
    </ClCompile>
    <ClCompile Include="FxSpriteRenderer.cpp">
      <Filter>FX</Filter>
    </ClCompile>
    <ClCompile Include="Title.cpp">
      <Filter>UI\Title</Filter>
    </ClCompile>
    <ClCompile Include="BossGargoyle.cpp">
      <Filter>Actor\Enemy</Filter>
    </ClCompile>
    <ClCompile Include="BossLevel.cpp">
      <Filter>Level</Filter>
    </ClCompile>
    <ClCompile Include="GUI.cpp">
      <Filter>GUI</Filter>
    </ClCompile>
    <ClCompile Include="MapEditorTab.cpp">
      <Filter>GUI</Filter>
    </ClCompile>
    <ClCompile Include="Tab.cpp">
      <Filter>GUI</Filter>
    </ClCompile>
    <ClCompile Include="LevelChangeTab.cpp">
      <Filter>GUI</Filter>
    </ClCompile>
    <ClCompile Include="MapEditorLevel.cpp">
      <Filter>Level</Filter>
    </ClCompile>
    <ClCompile Include="UIEditorTab.cpp">
      <Filter>GUI</Filter>
    </ClCompile>
    <ClCompile Include="UI.cpp">
      <Filter>UI</Filter>
    </ClCompile>
    <ClCompile Include="ShaderTab.cpp">
      <Filter>GUI</Filter>
    </ClCompile>
    <ClCompile Include="Shader.cpp">
      <Filter>.Core</Filter>
    </ClCompile>
    <ClCompile Include="SecondaryRenderer.cpp">
      <Filter>.Core</Filter>
    </ClCompile>
    <ClCompile Include="SecondaryRendererTab.cpp">
      <Filter>GUI</Filter>
    </ClCompile>
    <ClCompile Include="CapeState.cpp">
      <Filter>Actor\Player\Weapon</Filter>
    </ClCompile>
    <ClCompile Include="PlayUI.cpp">
      <Filter>UI</Filter>
    </ClCompile>
    <ClCompile Include="Cape.cpp">
      <Filter>Actor\Player\Weapon</Filter>
    </ClCompile>
    <ClCompile Include="WeaponDrop.cpp">
      <Filter>StageObject</Filter>
    </ClCompile>
    <ClCompile Include="PaperWall.cpp">
      <Filter>StageObject</Filter>
    </ClCompile>
    <ClCompile Include="LevelChanger.cpp">
      <Filter>UI</Filter>
    </ClCompile>
    <ClCompile Include="Contractor.cpp">
      <Filter>StageObject</Filter>
    </ClCompile>
    <ClCompile Include="AnimaDrop.cpp">
      <Filter>StageObject</Filter>
    </ClCompile>
    <ClCompile Include="SoularyDrop.cpp">
      <Filter>StageObject</Filter>
    </ClCompile>
    <ClCompile Include="CurseUI.cpp">
      <Filter>UI</Filter>
    </ClCompile>
    <ClCompile Include="SelectStageUI.cpp">
      <Filter>UI</Filter>
    </ClCompile>
    <ClCompile Include="OtherState.cpp">
      <Filter>Actor\Player\State</Filter>
    </ClCompile>
  </ItemGroup>
  <ItemGroup>
    <ClInclude Include="PlayLevel.h">
      <Filter>Level</Filter>
    </ClInclude>
    <ClInclude Include="Map.h">
      <Filter>Object\Map</Filter>
    </ClInclude>
    <ClInclude Include="Actor.h">
      <Filter>Actor</Filter>
    </ClInclude>
    <ClInclude Include="Level.h">
      <Filter>Level</Filter>
    </ClInclude>
    <ClInclude Include="Enemy.h">
      <Filter>Actor\Enemy</Filter>
    </ClInclude>
    <ClInclude Include="Ghost_Man.h">
      <Filter>Actor\Enemy</Filter>
    </ClInclude>
    <ClInclude Include="Player.h">
      <Filter>Actor\Player</Filter>
    </ClInclude>
    <ClInclude Include="Ghost_Woman.h">
      <Filter>Actor\Enemy</Filter>
    </ClInclude>
    <ClInclude Include="Bullet.h">
      <Filter>Object</Filter>
    </ClInclude>
    <ClInclude Include="PlayMap.h">
      <Filter>Object\Map</Filter>
    </ClInclude>
    <ClInclude Include="PossessedBook.h">
      <Filter>Actor\Enemy</Filter>
    </ClInclude>
    <ClInclude Include="Ghost_Med.h">
      <Filter>Actor\Enemy</Filter>
    </ClInclude>
    <ClInclude Include="Elevator.h">
      <Filter>StageObject</Filter>
    </ClInclude>
    <ClInclude Include="ContentsCore.h">
      <Filter>.Core</Filter>
    </ClInclude>
    <ClInclude Include="ContentsEnum.h">
      <Filter>.Core</Filter>
    </ClInclude>
    <ClInclude Include="PreCompile.h">
      <Filter>.Core</Filter>
    </ClInclude>
    <ClInclude Include="TitleLevel.h">
      <Filter>Level</Filter>
    </ClInclude>
    <ClInclude Include="StageObject.h">
      <Filter>StageObject</Filter>
    </ClInclude>
    <ClInclude Include="ContentObject.h">
      <Filter>.Core</Filter>
    </ClInclude>
    <ClInclude Include="ContentsCamera.h">
      <Filter>.Core</Filter>
    </ClInclude>
    <ClInclude Include="BGObject.h">
      <Filter>Object\BGObject</Filter>
    </ClInclude>
    <ClInclude Include="BookOfTheDead.h">
      <Filter>Actor\Player</Filter>
    </ClInclude>
    <ClInclude Include="FX.h">
      <Filter>FX</Filter>
    </ClInclude>
    <ClInclude Include="FxSpriteRenderer.h">
      <Filter>FX</Filter>
    </ClInclude>
    <ClInclude Include="BossGargoyle.h">
      <Filter>Actor\Enemy</Filter>
    </ClInclude>
    <ClInclude Include="BossLevel.h">
      <Filter>Level</Filter>
    </ClInclude>
    <ClInclude Include="GUI.h">
      <Filter>GUI</Filter>
    </ClInclude>
    <ClInclude Include="MapEditorTab.h">
      <Filter>GUI</Filter>
    </ClInclude>
    <ClInclude Include="Tab.h">
      <Filter>GUI</Filter>
    </ClInclude>
    <ClInclude Include="LevelChangeTab.h">
      <Filter>GUI</Filter>
    </ClInclude>
    <ClInclude Include="MapEditorLevel.h">
      <Filter>Level</Filter>
    </ClInclude>
    <ClInclude Include="UIEditorTab.h">
      <Filter>GUI</Filter>
    </ClInclude>
    <ClInclude Include="UI.h">
      <Filter>UI</Filter>
    </ClInclude>
    <ClInclude Include="ShaderTab.h">
      <Filter>GUI</Filter>
    </ClInclude>
    <ClInclude Include="Shader.h">
      <Filter>.Core</Filter>
    </ClInclude>
    <ClInclude Include="SecondaryRenderer.h">
      <Filter>.Core</Filter>
    </ClInclude>
    <ClInclude Include="SecondaryRendererTab.h">
      <Filter>GUI</Filter>
    </ClInclude>
    <ClInclude Include="PlayUI.h">
      <Filter>UI</Filter>
    </ClInclude>
    <ClInclude Include="Title.h">
      <Filter>UI\Title</Filter>
    </ClInclude>
    <ClInclude Include="Cape.h">
      <Filter>Actor\Player\Weapon</Filter>
    </ClInclude>
    <ClInclude Include="PaperWall.h">
      <Filter>StageObject</Filter>
    </ClInclude>
    <ClInclude Include="WeaponDrop.h">
      <Filter>StageObject</Filter>
    </ClInclude>
    <ClInclude Include="LevelChanger.h">
      <Filter>UI</Filter>
    </ClInclude>
    <ClInclude Include="Contractor.h">
      <Filter>StageObject</Filter>
    </ClInclude>
    <ClInclude Include="AnimaDrop.h">
      <Filter>StageObject</Filter>
    </ClInclude>
    <ClInclude Include="SoularyDrop.h">
      <Filter>StageObject</Filter>
    </ClInclude>
    <ClInclude Include="CurseUI.h">
      <Filter>UI</Filter>
    </ClInclude>
    <ClInclude Include="SelectStageUI.h">
      <Filter>UI</Filter>
    </ClInclude>
  </ItemGroup>
  <ItemGroup>
    <Filter Include="Level">
      <UniqueIdentifier>{c9a2e832-8d6b-49de-ac34-3e11f6f95c4b}</UniqueIdentifier>
    </Filter>
    <Filter Include="Object">
      <UniqueIdentifier>{5149ea30-97f1-47b8-922c-87826f277675}</UniqueIdentifier>
    </Filter>
    <Filter Include="Object\Map">
      <UniqueIdentifier>{890109a6-e908-4c21-90f8-ef6cbf78cffc}</UniqueIdentifier>
    </Filter>
    <Filter Include="Actor">
      <UniqueIdentifier>{4eee0c46-e550-4a11-a039-878a8b3bfb43}</UniqueIdentifier>
    </Filter>
    <Filter Include="Actor\Player">
      <UniqueIdentifier>{617709fc-8025-469d-8487-23d80f5257a2}</UniqueIdentifier>
    </Filter>
    <Filter Include="Actor\Player\State">
      <UniqueIdentifier>{69426412-584d-42e2-8f94-28a9ef79da24}</UniqueIdentifier>
    </Filter>
    <Filter Include="Actor\Enemy">
      <UniqueIdentifier>{f4e0cd62-caf0-4eb1-bbe9-4d229147f7a5}</UniqueIdentifier>
    </Filter>
    <Filter Include="StageObject">
      <UniqueIdentifier>{96c0209b-788d-443c-807e-2133b7691ffe}</UniqueIdentifier>
    </Filter>
    <Filter Include=".Core">
      <UniqueIdentifier>{0ab90e93-33c6-408d-bfdf-c1d77260fbb7}</UniqueIdentifier>
    </Filter>
    <Filter Include="Object\BGObject">
      <UniqueIdentifier>{7d67e19c-b88e-4535-a42a-c8d666f94198}</UniqueIdentifier>
    </Filter>
    <Filter Include="FX">
      <UniqueIdentifier>{52bba3b8-eb54-4160-b95c-b9f7f71b2ddf}</UniqueIdentifier>
    </Filter>
    <Filter Include="GUI">
      <UniqueIdentifier>{4659bf53-f768-4b58-bf9f-5d7ea0cc2e6e}</UniqueIdentifier>
    </Filter>
    <Filter Include="UI">
      <UniqueIdentifier>{60fa51d7-c53f-41ed-9c93-e392a8cf2e62}</UniqueIdentifier>
    </Filter>
    <Filter Include="UI\Title">
      <UniqueIdentifier>{32016b60-c9f1-4fb1-b3f7-acb44c43c1d6}</UniqueIdentifier>
    </Filter>
    <Filter Include="Actor\Player\Weapon">
      <UniqueIdentifier>{e85a357e-dd49-47d9-8d77-56cc2ca208d3}</UniqueIdentifier>
    </Filter>
  </ItemGroup>
</Project>